
Microsoft Visual Studio Solution File, Format Version 12.00
Project("{FAE04EC0-301F-11D3-BF4B-00C04F79EFBC}") = "more", "more\more.csproj", "{B410B0F0-EC1E-4A38-8942-46C3EE62B205}"
EndProject
Project("{FAE04EC0-301F-11D3-BF4B-00C04F79EFBC}") = "more_tests", "more_tests\more_tests.csproj", "{E1049776-267A-4A7D-B6B4-D68E7958EE62}"
EndProject
Global
	GlobalSection(SolutionConfigurationPlatforms) = preSolution
		Debug|Any CPU = Debug|Any CPU
		Release|Any CPU = Release|Any CPU
	EndGlobalSection
	GlobalSection(ProjectConfigurationPlatforms) = postSolution
		{B410B0F0-EC1E-4A38-8942-46C3EE62B205}.Debug|Any CPU.ActiveCfg = Debug|Any CPU
		{B410B0F0-EC1E-4A38-8942-46C3EE62B205}.Debug|Any CPU.Build.0 = Debug|Any CPU
		{B410B0F0-EC1E-4A38-8942-46C3EE62B205}.Release|Any CPU.ActiveCfg = Release|Any CPU
		{B410B0F0-EC1E-4A38-8942-46C3EE62B205}.Release|Any CPU.Build.0 = Release|Any CPU
		{E1049776-267A-4A7D-B6B4-D68E7958EE62}.Debug|Any CPU.ActiveCfg = Debug|Any CPU
		{E1049776-267A-4A7D-B6B4-D68E7958EE62}.Debug|Any CPU.Build.0 = Debug|Any CPU
		{E1049776-267A-4A7D-B6B4-D68E7958EE62}.Release|Any CPU.ActiveCfg = Release|Any CPU
		{E1049776-267A-4A7D-B6B4-D68E7958EE62}.Release|Any CPU.Build.0 = Release|Any CPU
	EndGlobalSection
EndGlobal
