
Microsoft Visual Studio Solution File, Format Version 12.00
Project("{FAE04EC0-301F-11D3-BF4B-00C04F79EFBC}") = "wordcount", "wordcount\wordcount.csproj", "{AF9399F4-1231-4920-925E-CEA82374AC3F}"
EndProject
Project("{FAE04EC0-301F-11D3-BF4B-00C04F79EFBC}") = "wordcount_tests", "wordcount_tests\wordcount_tests.csproj", "{233090C3-73AD-4445-B729-1A07EAB848AE}"
EndProject
Global
	GlobalSection(SolutionConfigurationPlatforms) = preSolution
		Debug|Any CPU = Debug|Any CPU
		Release|Any CPU = Release|Any CPU
	EndGlobalSection
	GlobalSection(ProjectConfigurationPlatforms) = postSolution
		{AF9399F4-1231-4920-925E-CEA82374AC3F}.Debug|Any CPU.ActiveCfg = Debug|Any CPU
		{AF9399F4-1231-4920-925E-CEA82374AC3F}.Debug|Any CPU.Build.0 = Debug|Any CPU
		{AF9399F4-1231-4920-925E-CEA82374AC3F}.Release|Any CPU.ActiveCfg = Release|Any CPU
		{AF9399F4-1231-4920-925E-CEA82374AC3F}.Release|Any CPU.Build.0 = Release|Any CPU
		{233090C3-73AD-4445-B729-1A07EAB848AE}.Debug|Any CPU.ActiveCfg = Debug|Any CPU
		{233090C3-73AD-4445-B729-1A07EAB848AE}.Debug|Any CPU.Build.0 = Debug|Any CPU
		{233090C3-73AD-4445-B729-1A07EAB848AE}.Release|Any CPU.ActiveCfg = Release|Any CPU
		{233090C3-73AD-4445-B729-1A07EAB848AE}.Release|Any CPU.Build.0 = Release|Any CPU
	EndGlobalSection
EndGlobal
